
Microsoft Visual Studio Solution File, Format Version 12.00
# Visual Studio 15
VisualStudioVersion = 15.0.28307.902
MinimumVisualStudioVersion = 10.0.40219.1
Project("{FAE04EC0-301F-11D3-BF4B-00C04F79EFBC}") = "WebSimpleShopWithMySQL", "WebSimpleShopWithMySQL\WebSimpleShopWithMySQL.csproj", "{262B85A2-EC41-4EF2-8E6D-449C5F1B5438}"
EndProject
Global
	GlobalSection(SolutionConfigurationPlatforms) = preSolution
		Debug|Any CPU = Debug|Any CPU
		Release|Any CPU = Release|Any CPU
	EndGlobalSection
	GlobalSection(ProjectConfigurationPlatforms) = postSolution
		{262B85A2-EC41-4EF2-8E6D-449C5F1B5438}.Debug|Any CPU.ActiveCfg = Debug|Any CPU
		{262B85A2-EC41-4EF2-8E6D-449C5F1B5438}.Debug|Any CPU.Build.0 = Debug|Any CPU
		{262B85A2-EC41-4EF2-8E6D-449C5F1B5438}.Release|Any CPU.ActiveCfg = Release|Any CPU
		{262B85A2-EC41-4EF2-8E6D-449C5F1B5438}.Release|Any CPU.Build.0 = Release|Any CPU
	EndGlobalSection
	GlobalSection(SolutionProperties) = preSolution
		HideSolutionNode = FALSE
	EndGlobalSection
	GlobalSection(ExtensibilityGlobals) = postSolution
		SolutionGuid = {A154691C-82A6-4CAB-8096-AC9D5A1654F8}
	EndGlobalSection
EndGlobal
